
Microsoft Visual Studio Solution File, Format Version 12.00
# Visual Studio Version 17
VisualStudioVersion = 17.0.31903.59
MinimumVisualStudioVersion = 10.0.40219.1
Project("{FAE04EC0-301F-11D3-BF4B-00C04F79EFBC}") = "NotifyService", "NotifyService\NotifyService.csproj", "{310EC137-5D4D-47EE-B874-1E777E752BB0}"
EndProject
Project("{FAE04EC0-301F-11D3-BF4B-00C04F79EFBC}") = "ProjectService", "ProjectService\ProjectService.csproj", "{B947AB0A-CAAB-443F-82F7-5A8079C05A6C}"
EndProject
Project("{FAE04EC0-301F-11D3-BF4B-00C04F79EFBC}") = "TaskService", "TaskService\TaskService.csproj", "{629088A5-0B21-4920-AB2D-88C1CA244E66}"
EndProject
Global
	GlobalSection(SolutionConfigurationPlatforms) = preSolution
		Debug|Any CPU = Debug|Any CPU
		Debug|x64 = Debug|x64
		Debug|x86 = Debug|x86
		Release|Any CPU = Release|Any CPU
		Release|x64 = Release|x64
		Release|x86 = Release|x86
	EndGlobalSection
	GlobalSection(ProjectConfigurationPlatforms) = postSolution
		{310EC137-5D4D-47EE-B874-1E777E752BB0}.Debug|Any CPU.ActiveCfg = Debug|Any CPU
		{310EC137-5D4D-47EE-B874-1E777E752BB0}.Debug|Any CPU.Build.0 = Debug|Any CPU
		{310EC137-5D4D-47EE-B874-1E777E752BB0}.Debug|x64.ActiveCfg = Debug|Any CPU
		{310EC137-5D4D-47EE-B874-1E777E752BB0}.Debug|x64.Build.0 = Debug|Any CPU
		{310EC137-5D4D-47EE-B874-1E777E752BB0}.Debug|x86.ActiveCfg = Debug|Any CPU
		{310EC137-5D4D-47EE-B874-1E777E752BB0}.Debug|x86.Build.0 = Debug|Any CPU
		{310EC137-5D4D-47EE-B874-1E777E752BB0}.Release|Any CPU.ActiveCfg = Release|Any CPU
		{310EC137-5D4D-47EE-B874-1E777E752BB0}.Release|Any CPU.Build.0 = Release|Any CPU
		{310EC137-5D4D-47EE-B874-1E777E752BB0}.Release|x64.ActiveCfg = Release|Any CPU
		{310EC137-5D4D-47EE-B874-1E777E752BB0}.Release|x64.Build.0 = Release|Any CPU
		{310EC137-5D4D-47EE-B874-1E777E752BB0}.Release|x86.ActiveCfg = Release|Any CPU
		{310EC137-5D4D-47EE-B874-1E777E752BB0}.Release|x86.Build.0 = Release|Any CPU
		{B947AB0A-CAAB-443F-82F7-5A8079C05A6C}.Debug|Any CPU.ActiveCfg = Debug|Any CPU
		{B947AB0A-CAAB-443F-82F7-5A8079C05A6C}.Debug|Any CPU.Build.0 = Debug|Any CPU
		{B947AB0A-CAAB-443F-82F7-5A8079C05A6C}.Debug|x64.ActiveCfg = Debug|Any CPU
		{B947AB0A-CAAB-443F-82F7-5A8079C05A6C}.Debug|x64.Build.0 = Debug|Any CPU
		{B947AB0A-CAAB-443F-82F7-5A8079C05A6C}.Debug|x86.ActiveCfg = Debug|Any CPU
		{B947AB0A-CAAB-443F-82F7-5A8079C05A6C}.Debug|x86.Build.0 = Debug|Any CPU
		{B947AB0A-CAAB-443F-82F7-5A8079C05A6C}.Release|Any CPU.ActiveCfg = Release|Any CPU
		{B947AB0A-CAAB-443F-82F7-5A8079C05A6C}.Release|Any CPU.Build.0 = Release|Any CPU
		{B947AB0A-CAAB-443F-82F7-5A8079C05A6C}.Release|x64.ActiveCfg = Release|Any CPU
		{B947AB0A-CAAB-443F-82F7-5A8079C05A6C}.Release|x64.Build.0 = Release|Any CPU
		{B947AB0A-CAAB-443F-82F7-5A8079C05A6C}.Release|x86.ActiveCfg = Release|Any CPU
		{B947AB0A-CAAB-443F-82F7-5A8079C05A6C}.Release|x86.Build.0 = Release|Any CPU
		{629088A5-0B21-4920-AB2D-88C1CA244E66}.Debug|Any CPU.ActiveCfg = Debug|Any CPU
		{629088A5-0B21-4920-AB2D-88C1CA244E66}.Debug|Any CPU.Build.0 = Debug|Any CPU
		{629088A5-0B21-4920-AB2D-88C1CA244E66}.Debug|x64.ActiveCfg = Debug|Any CPU
		{629088A5-0B21-4920-AB2D-88C1CA244E66}.Debug|x64.Build.0 = Debug|Any CPU
		{629088A5-0B21-4920-AB2D-88C1CA244E66}.Debug|x86.ActiveCfg = Debug|Any CPU
		{629088A5-0B21-4920-AB2D-88C1CA244E66}.Debug|x86.Build.0 = Debug|Any CPU
		{629088A5-0B21-4920-AB2D-88C1CA244E66}.Release|Any CPU.ActiveCfg = Release|Any CPU
		{629088A5-0B21-4920-AB2D-88C1CA244E66}.Release|Any CPU.Build.0 = Release|Any CPU
		{629088A5-0B21-4920-AB2D-88C1CA244E66}.Release|x64.ActiveCfg = Release|Any CPU
		{629088A5-0B21-4920-AB2D-88C1CA244E66}.Release|x64.Build.0 = Release|Any CPU
		{629088A5-0B21-4920-AB2D-88C1CA244E66}.Release|x86.ActiveCfg = Release|Any CPU
		{629088A5-0B21-4920-AB2D-88C1CA244E66}.Release|x86.Build.0 = Release|Any CPU
	EndGlobalSection
	GlobalSection(SolutionProperties) = preSolution
		HideSolutionNode = FALSE
	EndGlobalSection
EndGlobal
